
Microsoft Visual Studio Solution File, Format Version 12.00
# Visual Studio Version 17
VisualStudioVersion = 17.8.34330.188
MinimumVisualStudioVersion = 10.0.40219.1
Project("{FAE04EC0-301F-11D3-BF4B-00C04F79EFBC}") = "Juxtapose", "Juxtapose\Juxtapose.csproj", "{DCEC8A30-5FD1-447A-8972-AD6B7F122AEC}"
EndProject
Global
	GlobalSection(SolutionConfigurationPlatforms) = preSolution
		Debug|Any CPU = Debug|Any CPU
		Release|Any CPU = Release|Any CPU
	EndGlobalSection
	GlobalSection(ProjectConfigurationPlatforms) = postSolution
		{DCEC8A30-5FD1-447A-8972-AD6B7F122AEC}.Debug|Any CPU.ActiveCfg = Debug|Any CPU
		{DCEC8A30-5FD1-447A-8972-AD6B7F122AEC}.Debug|Any CPU.Build.0 = Debug|Any CPU
		{DCEC8A30-5FD1-447A-8972-AD6B7F122AEC}.Release|Any CPU.ActiveCfg = Release|Any CPU
		{DCEC8A30-5FD1-447A-8972-AD6B7F122AEC}.Release|Any CPU.Build.0 = Release|Any CPU
	EndGlobalSection
	GlobalSection(SolutionProperties) = preSolution
		HideSolutionNode = FALSE
	EndGlobalSection
	GlobalSection(ExtensibilityGlobals) = postSolution
		SolutionGuid = {62DEDFF0-260D-42E2-990A-BF2AD8CB2889}
	EndGlobalSection
EndGlobal
